// !$*UTF8*$!
{
	archiveVersion = 1;
	classes = {
	};
	objectVersion = 50;
	objects = {

/* Begin PBXBuildFile section */
		EB0779222499454200025D98 /* WeatherData.swift in Sources */ = {isa = PBXBuildFile; fileRef = EB0779212499454200025D98 /* WeatherData.swift */; };
		EB077924249950B500025D98 /* WeatherModel.swift in Sources */ = {isa = PBXBuildFile; fileRef = EB077923249950B400025D98 /* WeatherModel.swift */; };
		EB18D44324904CF60043A3A6 /* AppDelegate.swift in Sources */ = {isa = PBXBuildFile; fileRef = EB18D44224904CF60043A3A6 /* AppDelegate.swift */; };
		EB18D44524904CF60043A3A6 /* SceneDelegate.swift in Sources */ = {isa = PBXBuildFile; fileRef = EB18D44424904CF60043A3A6 /* SceneDelegate.swift */; };
		EB18D44724904CF60043A3A6 /* WeatherViewController.swift in Sources */ = {isa = PBXBuildFile; fileRef = EB18D44624904CF60043A3A6 /* WeatherViewController.swift */; };
		EB18D44A24904CF60043A3A6 /* Main.storyboard in Resources */ = {isa = PBXBuildFile; fileRef = EB18D44824904CF60043A3A6 /* Main.storyboard */; };
		EB18D44C24904CFA0043A3A6 /* Assets.xcassets in Resources */ = {isa = PBXBuildFile; fileRef = EB18D44B24904CFA0043A3A6 /* Assets.xcassets */; };
		EB18D44F24904CFA0043A3A6 /* LaunchScreen.storyboard in Resources */ = {isa = PBXBuildFile; fileRef = EB18D44D24904CFA0043A3A6 /* LaunchScreen.storyboard */; };
		EB6A22F62498EF4F00181AF9 /* WeatherManager.swift in Sources */ = {isa = PBXBuildFile; fileRef = EB6A22F52498EF4F00181AF9 /* WeatherManager.swift */; };
/* End PBXBuildFile section */

/* Begin PBXFileReference section */
		EB0779212499454200025D98 /* WeatherData.swift */ = {isa = PBXFileReference; lastKnownFileType = sourcecode.swift; path = WeatherData.swift; sourceTree = "<group>"; };
		EB077923249950B400025D98 /* WeatherModel.swift */ = {isa = PBXFileReference; lastKnownFileType = sourcecode.swift; path = WeatherModel.swift; sourceTree = "<group>"; };
		EB18D43F24904CF60043A3A6 /* Climate.app */ = {isa = PBXFileReference; explicitFileType = wrapper.application; includeInIndex = 0; path = Climate.app; sourceTree = BUILT_PRODUCTS_DIR; };
		EB18D44224904CF60043A3A6 /* AppDelegate.swift */ = {isa = PBXFileReference; lastKnownFileType = sourcecode.swift; path = AppDelegate.swift; sourceTree = "<group>"; };
		EB18D44424904CF60043A3A6 /* SceneDelegate.swift */ = {isa = PBXFileReference; lastKnownFileType = sourcecode.swift; path = SceneDelegate.swift; sourceTree = "<group>"; };
		EB18D44624904CF60043A3A6 /* WeatherViewController.swift */ = {isa = PBXFileReference; lastKnownFileType = sourcecode.swift; path = WeatherViewController.swift; sourceTree = "<group>"; };
		EB18D44924904CF60043A3A6 /* Base */ = {isa = PBXFileReference; lastKnownFileType = file.storyboard; name = Base; path = Base.lproj/Main.storyboard; sourceTree = "<group>"; };
		EB18D44B24904CFA0043A3A6 /* Assets.xcassets */ = {isa = PBXFileReference; lastKnownFileType = folder.assetcatalog; path = Assets.xcassets; sourceTree = "<group>"; };
		EB18D44E24904CFA0043A3A6 /* Base */ = {isa = PBXFileReference; lastKnownFileType = file.storyboard; name = Base; path = Base.lproj/LaunchScreen.storyboard; sourceTree = "<group>"; };
		EB18D45024904CFA0043A3A6 /* Info.plist */ = {isa = PBXFileReference; lastKnownFileType = text.plist.xml; path = Info.plist; sourceTree = "<group>"; };
		EB6A22F52498EF4F00181AF9 /* WeatherManager.swift */ = {isa = PBXFileReference; lastKnownFileType = sourcecode.swift; path = WeatherManager.swift; sourceTree = "<group>"; };
/* End PBXFileReference section */

/* Begin PBXFrameworksBuildPhase section */
		EB18D43C24904CF60043A3A6 /* Frameworks */ = {
			isa = PBXFrameworksBuildPhase;
			buildActionMask = 2147483647;
			files = (
			);
			runOnlyForDeploymentPostprocessing = 0;
		};
/* End PBXFrameworksBuildPhase section */

/* Begin PBXGroup section */
		EB18D43624904CF60043A3A6 = {
			isa = PBXGroup;
			children = (
				EB18D44124904CF60043A3A6 /* Climate */,
				EB18D44024904CF60043A3A6 /* Products */,
			);
			sourceTree = "<group>";
		};
		EB18D44024904CF60043A3A6 /* Products */ = {
			isa = PBXGroup;
			children = (
				EB18D43F24904CF60043A3A6 /* Climate.app */,
			);
			name = Products;
			sourceTree = "<group>";
		};
		EB18D44124904CF60043A3A6 /* Climate */ = {
			isa = PBXGroup;
			children = (
				EB18D44224904CF60043A3A6 /* AppDelegate.swift */,
				EB18D44424904CF60043A3A6 /* SceneDelegate.swift */,
				EB18D45924904D200043A3A6 /* Model */,
				EB18D45824904D160043A3A6 /* Controller */,
				EB18D45724904D110043A3A6 /* View */,
				EB18D44B24904CFA0043A3A6 /* Assets.xcassets */,
				EB18D44D24904CFA0043A3A6 /* LaunchScreen.storyboard */,
				EB18D45024904CFA0043A3A6 /* Info.plist */,
			);
			path = Climate;
			sourceTree = "<group>";
		};
		EB18D45724904D110043A3A6 /* View */ = {
			isa = PBXGroup;
			children = (
				EB18D44824904CF60043A3A6 /* Main.storyboard */,
			);
			path = View;
			sourceTree = "<group>";
		};
		EB18D45824904D160043A3A6 /* Controller */ = {
			isa = PBXGroup;
			children = (
				EB18D44624904CF60043A3A6 /* WeatherViewController.swift */,
			);
			path = Controller;
			sourceTree = "<group>";
		};
		EB18D45924904D200043A3A6 /* Model */ = {
			isa = PBXGroup;
			children = (
				EB6A22F52498EF4F00181AF9 /* WeatherManager.swift */,
				EB0779212499454200025D98 /* WeatherData.swift */,
				EB077923249950B400025D98 /* WeatherModel.swift */,
			);
			name = Model;
			sourceTree = "<group>";
		};
/* End PBXGroup section */

/* Begin PBXNativeTarget section */
		EB18D43E24904CF60043A3A6 /* Climate */ = {
			isa = PBXNativeTarget;
			buildConfigurationList = EB18D45324904CFA0043A3A6 /* Build configuration list for PBXNativeTarget "Climate" */;
			buildPhases = (
				EB18D43B24904CF60043A3A6 /* Sources */,
				EB18D43C24904CF60043A3A6 /* Frameworks */,
				EB18D43D24904CF60043A3A6 /* Resources */,
			);
			buildRules = (
			);
			dependencies = (
			);
			name = Climate;
			productName = Climate;
			productReference = EB18D43F24904CF60043A3A6 /* Climate.app */;
			productType = "com.apple.product-type.application";
		};
/* End PBXNativeTarget section */

/* Begin PBXProject section */
		EB18D43724904CF60043A3A6 /* Project object */ = {
			isa = PBXProject;
			attributes = {
				LastSwiftUpdateCheck = 1140;
				LastUpgradeCheck = 1140;
				ORGANIZATIONNAME = "Denis Valshchikov";
				TargetAttributes = {
					EB18D43E24904CF60043A3A6 = {
						CreatedOnToolsVersion = 11.4.1;
					};
				};
			};
			buildConfigurationList = EB18D43A24904CF60043A3A6 /* Build configuration list for PBXProject "Climate" */;
			compatibilityVersion = "Xcode 9.3";
			developmentRegion = en;
			hasScannedForEncodings = 0;
			knownRegions = (
				en,
				Base,
			);
			mainGroup = EB18D43624904CF60043A3A6;
			productRefGroup = EB18D44024904CF60043A3A6 /* Products */;
			projectDirPath = "";
			projectRoot = "";
			targets = (
				EB18D43E24904CF60043A3A6 /* Climate */,
			);
		};
/* End PBXProject section */

/* Begin PBXResourcesBuildPhase section */
		EB18D43D24904CF60043A3A6 /* Resources */ = {
			isa = PBXResourcesBuildPhase;
			buildActionMask = 2147483647;
			files = (
				EB18D44F24904CFA0043A3A6 /* LaunchScreen.storyboard in Resources */,
				EB18D44C24904CFA0043A3A6 /* Assets.xcassets in Resources */,
				EB18D44A24904CF60043A3A6 /* Main.storyboard in Resources */,
			);
			runOnlyForDeploymentPostprocessing = 0;
		};
/* End PBXResourcesBuildPhase section */

/* Begin PBXSourcesBuildPhase section */
		EB18D43B24904CF60043A3A6 /* Sources */ = {
			isa = PBXSourcesBuildPhase;
			buildActionMask = 2147483647;
			files = (
				EB18D44724904CF60043A3A6 /* WeatherViewController.swift in Sources */,
				EB0779222499454200025D98 /* WeatherData.swift in Sources */,
				EB18D44324904CF60043A3A6 /* AppDelegate.swift in Sources */,
				EB6A22F62498EF4F00181AF9 /* WeatherManager.swift in Sources */,
				EB077924249950B500025D98 /* WeatherModel.swift in Sources */,
				EB18D44524904CF60043A3A6 /* SceneDelegate.swift in Sources */,
			);
			runOnlyForDeploymentPostprocessing = 0;
		};
/* End PBXSourcesBuildPhase section */

/* Begin PBXVariantGroup section */
		EB18D44824904CF60043A3A6 /* Main.storyboard */ = {
			isa = PBXVariantGroup;
			children = (
				EB18D44924904CF60043A3A6 /* Base */,
			);
			name = Main.storyboard;
			sourceTree = "<group>";
		};
		EB18D44D24904CFA0043A3A6 /* LaunchScreen.storyboard */ = {
			isa = PBXVariantGroup;
			children = (
				EB18D44E24904CFA0043A3A6 /* Base */,
			);
			name = LaunchScreen.storyboard;
			sourceTree = "<group>";
		};
/* End PBXVariantGroup section */

/* Begin XCBuildConfiguration section */
		EB18D45124904CFA0043A3A6 /* Debug */ = {
			isa = XCBuildConfiguration;
			buildSettings = {
				ALWAYS_SEARCH_USER_PATHS = NO;
				CLANG_ANALYZER_NONNULL = YES;
				CLANG_ANALYZER_NUMBER_OBJECT_CONVERSION = YES_AGGRESSIVE;
				CLANG_CXX_LANGUAGE_STANDARD = "gnu++14";
				CLANG_CXX_LIBRARY = "libc++";
				CLANG_ENABLE_MODULES = YES;
				CLANG_ENABLE_OBJC_ARC = YES;
				CLANG_ENABLE_OBJC_WEAK = YES;
				CLANG_WARN_BLOCK_CAPTURE_AUTORELEASING = YES;
				CLANG_WARN_BOOL_CONVERSION = YES;
				CLANG_WARN_COMMA = YES;
				CLANG_WARN_CONSTANT_CONVERSION = YES;
				CLANG_WARN_DEPRECATED_OBJC_IMPLEMENTATIONS = YES;
				CLANG_WARN_DIRECT_OBJC_ISA_USAGE = YES_ERROR;
				CLANG_WARN_DOCUMENTATION_COMMENTS = YES;
				CLANG_WARN_EMPTY_BODY = YES;
				CLANG_WARN_ENUM_CONVERSION = YES;
				CLANG_WARN_INFINITE_RECURSION = YES;
				CLANG_WARN_INT_CONVERSION = YES;
				CLANG_WARN_NON_LITERAL_NULL_CONVERSION = YES;
				CLANG_WARN_OBJC_IMPLICIT_RETAIN_SELF = YES;
				CLANG_WARN_OBJC_LITERAL_CONVERSION = YES;
				CLANG_WARN_OBJC_ROOT_CLASS = YES_ERROR;
				CLANG_WARN_RANGE_LOOP_ANALYSIS = YES;
				CLANG_WARN_STRICT_PROTOTYPES = YES;
				CLANG_WARN_SUSPICIOUS_MOVE = YES;
				CLANG_WARN_UNGUARDED_AVAILABILITY = YES_AGGRESSIVE;
				CLANG_WARN_UNREACHABLE_CODE = YES;
				CLANG_WARN__DUPLICATE_METHOD_MATCH = YES;
				COPY_PHASE_STRIP = NO;
				DEBUG_INFORMATION_FORMAT = dwarf;
				ENABLE_STRICT_OBJC_MSGSEND = YES;
				ENABLE_TESTABILITY = YES;
				GCC_C_LANGUAGE_STANDARD = gnu11;
				GCC_DYNAMIC_NO_PIC = NO;
				GCC_NO_COMMON_BLOCKS = YES;
				GCC_OPTIMIZATION_LEVEL = 0;
				GCC_PREPROCESSOR_DEFINITIONS = (
					"DEBUG=1",
					"$(inherited)",
				);
				GCC_WARN_64_TO_32_BIT_CONVERSION = YES;
				GCC_WARN_ABOUT_RETURN_TYPE = YES_ERROR;
				GCC_WARN_UNDECLARED_SELECTOR = YES;
				GCC_WARN_UNINITIALIZED_AUTOS = YES_AGGRESSIVE;
				GCC_WARN_UNUSED_FUNCTION = YES;
				GCC_WARN_UNUSED_VARIABLE = YES;
				IPHONEOS_DEPLOYMENT_TARGET = 13.4;
				MTL_ENABLE_DEBUG_INFO = INCLUDE_SOURCE;
				MTL_FAST_MATH = YES;
				ONLY_ACTIVE_ARCH = YES;
				SDKROOT = iphoneos;
				SWIFT_ACTIVE_COMPILATION_CONDITIONS = DEBUG;
				SWIFT_OPTIMIZATION_LEVEL = "-Onone";
			};
			name = Debug;
		};
		EB18D45224904CFA0043A3A6 /* Release */ = {
			isa = XCBuildConfiguration;
			buildSettings = {
				ALWAYS_SEARCH_USER_PATHS = NO;
				CLANG_ANALYZER_NONNULL = YES;
				CLANG_ANALYZER_NUMBER_OBJECT_CONVERSION = YES_AGGRESSIVE;
				CLANG_CXX_LANGUAGE_STANDARD = "gnu++14";
				CLANG_CXX_LIBRARY = "libc++";
				CLANG_ENABLE_MODULES = YES;
				CLANG_ENABLE_OBJC_ARC = YES;
				CLANG_ENABLE_OBJC_WEAK = YES;
				CLANG_WARN_BLOCK_CAPTURE_AUTORELEASING = YES;
				CLANG_WARN_BOOL_CONVERSION = YES;
				CLANG_WARN_COMMA = YES;
				CLANG_WARN_CONSTANT_CONVERSION = YES;
				CLANG_WARN_DEPRECATED_OBJC_IMPLEMENTATIONS = YES;
				CLANG_WARN_DIRECT_OBJC_ISA_USAGE = YES_ERROR;
				CLANG_WARN_DOCUMENTATION_COMMENTS = YES;
				CLANG_WARN_EMPTY_BODY = YES;
				CLANG_WARN_ENUM_CONVERSION = YES;
				CLANG_WARN_INFINITE_RECURSION = YES;
				CLANG_WARN_INT_CONVERSION = YES;
				CLANG_WARN_NON_LITERAL_NULL_CONVERSION = YES;
				CLANG_WARN_OBJC_IMPLICIT_RETAIN_SELF = YES;
				CLANG_WARN_OBJC_LITERAL_CONVERSION = YES;
				CLANG_WARN_OBJC_ROOT_CLASS = YES_ERROR;
				CLANG_WARN_RANGE_LOOP_ANALYSIS = YES;
				CLANG_WARN_STRICT_PROTOTYPES = YES;
				CLANG_WARN_SUSPICIOUS_MOVE = YES;
				CLANG_WARN_UNGUARDED_AVAILABILITY = YES_AGGRESSIVE;
				CLANG_WARN_UNREACHABLE_CODE = YES;
				CLANG_WARN__DUPLICATE_METHOD_MATCH = YES;
				COPY_PHASE_STRIP = NO;
				DEBUG_INFORMATION_FORMAT = "dwarf-with-dsym";
				ENABLE_NS_ASSERTIONS = NO;
				ENABLE_STRICT_OBJC_MSGSEND = YES;
				GCC_C_LANGUAGE_STANDARD = gnu11;
				GCC_NO_COMMON_BLOCKS = YES;
				GCC_WARN_64_TO_32_BIT_CONVERSION = YES;
				GCC_WARN_ABOUT_RETURN_TYPE = YES_ERROR;
				GCC_WARN_UNDECLARED_SELECTOR = YES;
				GCC_WARN_UNINITIALIZED_AUTOS = YES_AGGRESSIVE;
				GCC_WARN_UNUSED_FUNCTION = YES;
				GCC_WARN_UNUSED_VARIABLE = YES;
				IPHONEOS_DEPLOYMENT_TARGET = 13.4;
				MTL_ENABLE_DEBUG_INFO = NO;
				MTL_FAST_MATH = YES;
				SDKROOT = iphoneos;
				SWIFT_COMPILATION_MODE = wholemodule;
				SWIFT_OPTIMIZATION_LEVEL = "-O";
				VALIDATE_PRODUCT = YES;
			};
			name = Release;
		};
		EB18D45424904CFA0043A3A6 /* Debug */ = {
			isa = XCBuildConfiguration;
			buildSettings = {
				ASSETCATALOG_COMPILER_APPICON_NAME = AppIcon;
				CODE_SIGN_STYLE = Automatic;
				DEVELOPMENT_TEAM = TYPV8Y3B7Q;
				INFOPLIST_FILE = Climate/Info.plist;
				LD_RUNPATH_SEARCH_PATHS = (
					"$(inherited)",
					"@executable_path/Frameworks",
				);
				PRODUCT_BUNDLE_IDENTIFIER = DV.Climate;
				PRODUCT_NAME = "$(TARGET_NAME)";
				SWIFT_VERSION = 5.0;
				TARGETED_DEVICE_FAMILY = "1,2";
			};
			name = Debug;
		};
		EB18D45524904CFA0043A3A6 /* Release */ = {
			isa = XCBuildConfiguration;
			buildSettings = {
				ASSETCATALOG_COMPILER_APPICON_NAME = AppIcon;
				CODE_SIGN_STYLE = Automatic;
				DEVELOPMENT_TEAM = TYPV8Y3B7Q;
				INFOPLIST_FILE = Climate/Info.plist;
				LD_RUNPATH_SEARCH_PATHS = (
					"$(inherited)",
					"@executable_path/Frameworks",
				);
				PRODUCT_BUNDLE_IDENTIFIER = DV.Climate;
				PRODUCT_NAME = "$(TARGET_NAME)";
				SWIFT_VERSION = 5.0;
				TARGETED_DEVICE_FAMILY = "1,2";
			};
			name = Release;
		};
/* End XCBuildConfiguration section */

/* Begin XCConfigurationList section */
		EB18D43A24904CF60043A3A6 /* Build configuration list for PBXProject "Climate" */ = {
			isa = XCConfigurationList;
			buildConfigurations = (
				EB18D45124904CFA0043A3A6 /* Debug */,
				EB18D45224904CFA0043A3A6 /* Release */,
			);
			defaultConfigurationIsVisible = 0;
			defaultConfigurationName = Release;
		};
		EB18D45324904CFA0043A3A6 /* Build configuration list for PBXNativeTarget "Climate" */ = {
			isa = XCConfigurationList;
			buildConfigurations = (
				EB18D45424904CFA0043A3A6 /* Debug */,
				EB18D45524904CFA0043A3A6 /* Release */,
			);
			defaultConfigurationIsVisible = 0;
			defaultConfigurationName = Release;
		};
/* End XCConfigurationList section */
	};
	rootObject = EB18D43724904CF60043A3A6 /* Project object */;
}
